// !$*UTF8*$!
{
	archiveVersion = 1;
	classes = {
	};
	objectVersion = 46;
	objects = {

/* Begin PBXBuildFile section */
		FAB0AC4B1DD2409D00824E47 /* AppDelegate.swift in Sources */ = {isa = PBXBuildFile; fileRef = FAB0AC4A1DD2409D00824E47 /* AppDelegate.swift */; };
		FAB0AC4D1DD2409D00824E47 /* ViewController.swift in Sources */ = {isa = PBXBuildFile; fileRef = FAB0AC4C1DD2409D00824E47 /* ViewController.swift */; };
		FAB0AC501DD2409D00824E47 /* Main.storyboard in Resources */ = {isa = PBXBuildFile; fileRef = FAB0AC4E1DD2409D00824E47 /* Main.storyboard */; };
		FAB0AC521DD2409D00824E47 /* Assets.xcassets in Resources */ = {isa = PBXBuildFile; fileRef = FAB0AC511DD2409D00824E47 /* Assets.xcassets */; };
		FAB0AC551DD2409D00824E47 /* LaunchScreen.storyboard in Resources */ = {isa = PBXBuildFile; fileRef = FAB0AC531DD2409D00824E47 /* LaunchScreen.storyboard */; };
		FAC36E321E8809BA0097B9ED /* Metronome.swift in Sources */ = {isa = PBXBuildFile; fileRef = FAC36E311E8809BA0097B9ED /* Metronome.swift */; };
		FAC36E361E8826700097B9ED /* High.wav in Resources */ = {isa = PBXBuildFile; fileRef = FAC36E341E8826700097B9ED /* High.wav */; };
		FAC36E371E8826700097B9ED /* Low.wav in Resources */ = {isa = PBXBuildFile; fileRef = FAC36E351E8826700097B9ED /* Low.wav */; };
/* End PBXBuildFile section */

/* Begin PBXFileReference section */
		FAB0AC471DD2409D00824E47 /* MetronomeIdeaOnAVAudioEngine.app */ = {isa = PBXFileReference; explicitFileType = wrapper.application; includeInIndex = 0; path = MetronomeIdeaOnAVAudioEngine.app; sourceTree = BUILT_PRODUCTS_DIR; };
		FAB0AC4A1DD2409D00824E47 /* AppDelegate.swift */ = {isa = PBXFileReference; lastKnownFileType = sourcecode.swift; path = AppDelegate.swift; sourceTree = "<group>"; };
		FAB0AC4C1DD2409D00824E47 /* ViewController.swift */ = {isa = PBXFileReference; lastKnownFileType = sourcecode.swift; path = ViewController.swift; sourceTree = "<group>"; };
		FAB0AC4F1DD2409D00824E47 /* Base */ = {isa = PBXFileReference; lastKnownFileType = file.storyboard; name = Base; path = Base.lproj/Main.storyboard; sourceTree = "<group>"; };
		FAB0AC511DD2409D00824E47 /* Assets.xcassets */ = {isa = PBXFileReference; lastKnownFileType = folder.assetcatalog; path = Assets.xcassets; sourceTree = "<group>"; };
		FAB0AC541DD2409D00824E47 /* Base */ = {isa = PBXFileReference; lastKnownFileType = file.storyboard; name = Base; path = Base.lproj/LaunchScreen.storyboard; sourceTree = "<group>"; };
		FAB0AC561DD2409D00824E47 /* Info.plist */ = {isa = PBXFileReference; lastKnownFileType = text.plist.xml; path = Info.plist; sourceTree = "<group>"; };
		FAC36E311E8809BA0097B9ED /* Metronome.swift */ = {isa = PBXFileReference; fileEncoding = 4; lastKnownFileType = sourcecode.swift; path = Metronome.swift; sourceTree = "<group>"; };
		FAC36E341E8826700097B9ED /* High.wav */ = {isa = PBXFileReference; lastKnownFileType = audio.wav; path = High.wav; sourceTree = "<group>"; };
		FAC36E351E8826700097B9ED /* Low.wav */ = {isa = PBXFileReference; lastKnownFileType = audio.wav; path = Low.wav; sourceTree = "<group>"; };
/* End PBXFileReference section */

/* Begin PBXFrameworksBuildPhase section */
		FAB0AC441DD2409C00824E47 /* Frameworks */ = {
			isa = PBXFrameworksBuildPhase;
			buildActionMask = 2147483647;
			files = (
			);
			runOnlyForDeploymentPostprocessing = 0;
		};
/* End PBXFrameworksBuildPhase section */

/* Begin PBXGroup section */
		FAB0AC3E1DD2409C00824E47 = {
			isa = PBXGroup;
			children = (
				FAB0AC491DD2409D00824E47 /* MetronomeIdea */,
				FAB0AC481DD2409D00824E47 /* Products */,
			);
			sourceTree = "<group>";
		};
		FAB0AC481DD2409D00824E47 /* Products */ = {
			isa = PBXGroup;
			children = (
				FAB0AC471DD2409D00824E47 /* MetronomeIdeaOnAVAudioEngine.app */,
			);
			name = Products;
			sourceTree = "<group>";
		};
		FAB0AC491DD2409D00824E47 /* MetronomeIdea */ = {
			isa = PBXGroup;
			children = (
				FAC36E331E880D9C0097B9ED /* Supporting Files */,
				FAB0AC4C1DD2409D00824E47 /* ViewController.swift */,
				FAC36E311E8809BA0097B9ED /* Metronome.swift */,
				FAB0AC4E1DD2409D00824E47 /* Main.storyboard */,
				FAC36E341E8826700097B9ED /* High.wav */,
				FAC36E351E8826700097B9ED /* Low.wav */,
			);
			name = MetronomeIdea;
			path = PlaybackTest;
			sourceTree = "<group>";
		};
		FAC36E331E880D9C0097B9ED /* Supporting Files */ = {
			isa = PBXGroup;
			children = (
				FAB0AC4A1DD2409D00824E47 /* AppDelegate.swift */,
				FAB0AC511DD2409D00824E47 /* Assets.xcassets */,
				FAB0AC531DD2409D00824E47 /* LaunchScreen.storyboard */,
				FAB0AC561DD2409D00824E47 /* Info.plist */,
			);
			name = "Supporting Files";
			sourceTree = "<group>";
		};
/* End PBXGroup section */

/* Begin PBXNativeTarget section */
		FAB0AC461DD2409C00824E47 /* MetronomeIdeaOnAVAudioEngine */ = {
			isa = PBXNativeTarget;
			buildConfigurationList = FAB0AC591DD2409D00824E47 /* Build configuration list for PBXNativeTarget "MetronomeIdeaOnAVAudioEngine" */;
			buildPhases = (
				FAB0AC431DD2409C00824E47 /* Sources */,
				FAB0AC441DD2409C00824E47 /* Frameworks */,
				FAB0AC451DD2409C00824E47 /* Resources */,
			);
			buildRules = (
			);
			dependencies = (
			);
			name = MetronomeIdeaOnAVAudioEngine;
			productName = PlaybackTest;
			productReference = FAB0AC471DD2409D00824E47 /* MetronomeIdeaOnAVAudioEngine.app */;
			productType = "com.apple.product-type.application";
		};
/* End PBXNativeTarget section */

/* Begin PBXProject section */
		FAB0AC3F1DD2409C00824E47 /* Project object */ = {
			isa = PBXProject;
			attributes = {
				LastSwiftUpdateCheck = 0810;
				LastUpgradeCheck = 0810;
				ORGANIZATIONNAME = "Alex Shubin";
				TargetAttributes = {
					FAB0AC461DD2409C00824E47 = {
						CreatedOnToolsVersion = 8.1;
						DevelopmentTeam = RBNKHS73S3;
						ProvisioningStyle = Automatic;
					};
				};
			};
			buildConfigurationList = FAB0AC421DD2409C00824E47 /* Build configuration list for PBXProject "MetronomeIdeaOnAVAudioEngine" */;
			compatibilityVersion = "Xcode 3.2";
			developmentRegion = English;
			hasScannedForEncodings = 0;
			knownRegions = (
				en,
				Base,
			);
			mainGroup = FAB0AC3E1DD2409C00824E47;
			productRefGroup = FAB0AC481DD2409D00824E47 /* Products */;
			projectDirPath = "";
			projectRoot = "";
			targets = (
				FAB0AC461DD2409C00824E47 /* MetronomeIdeaOnAVAudioEngine */,
			);
		};
/* End PBXProject section */

/* Begin PBXResourcesBuildPhase section */
		FAB0AC451DD2409C00824E47 /* Resources */ = {
			isa = PBXResourcesBuildPhase;
			buildActionMask = 2147483647;
			files = (
				FAB0AC551DD2409D00824E47 /* LaunchScreen.storyboard in Resources */,
				FAC36E361E8826700097B9ED /* High.wav in Resources */,
				FAB0AC521DD2409D00824E47 /* Assets.xcassets in Resources */,
				FAC36E371E8826700097B9ED /* Low.wav in Resources */,
				FAB0AC501DD2409D00824E47 /* Main.storyboard in Resources */,
			);
			runOnlyForDeploymentPostprocessing = 0;
		};
/* End PBXResourcesBuildPhase section */

/* Begin PBXSourcesBuildPhase section */
		FAB0AC431DD2409C00824E47 /* Sources */ = {
			isa = PBXSourcesBuildPhase;
			buildActionMask = 2147483647;
			files = (
				FAC36E321E8809BA0097B9ED /* Metronome.swift in Sources */,
				FAB0AC4D1DD2409D00824E47 /* ViewController.swift in Sources */,
				FAB0AC4B1DD2409D00824E47 /* AppDelegate.swift in Sources */,
			);
			runOnlyForDeploymentPostprocessing = 0;
		};
/* End PBXSourcesBuildPhase section */

/* Begin PBXVariantGroup section */
		FAB0AC4E1DD2409D00824E47 /* Main.storyboard */ = {
			isa = PBXVariantGroup;
			children = (
				FAB0AC4F1DD2409D00824E47 /* Base */,
			);
			name = Main.storyboard;
			sourceTree = "<group>";
		};
		FAB0AC531DD2409D00824E47 /* LaunchScreen.storyboard */ = {
			isa = PBXVariantGroup;
			children = (
				FAB0AC541DD2409D00824E47 /* Base */,
			);
			name = LaunchScreen.storyboard;
			sourceTree = "<group>";
		};
/* End PBXVariantGroup section */

/* Begin XCBuildConfiguration section */
		FAB0AC571DD2409D00824E47 /* Debug */ = {
			isa = XCBuildConfiguration;
			buildSettings = {
				ALWAYS_SEARCH_USER_PATHS = NO;
				CLANG_ANALYZER_NONNULL = YES;
				CLANG_CXX_LANGUAGE_STANDARD = "gnu++0x";
				CLANG_CXX_LIBRARY = "libc++";
				CLANG_ENABLE_MODULES = YES;
				CLANG_ENABLE_OBJC_ARC = YES;
				CLANG_WARN_BOOL_CONVERSION = YES;
				CLANG_WARN_CONSTANT_CONVERSION = YES;
				CLANG_WARN_DIRECT_OBJC_ISA_USAGE = YES_ERROR;
				CLANG_WARN_DOCUMENTATION_COMMENTS = YES;
				CLANG_WARN_EMPTY_BODY = YES;
				CLANG_WARN_ENUM_CONVERSION = YES;
				CLANG_WARN_INFINITE_RECURSION = YES;
				CLANG_WARN_INT_CONVERSION = YES;
				CLANG_WARN_OBJC_ROOT_CLASS = YES_ERROR;
				CLANG_WARN_SUSPICIOUS_MOVES = YES;
				CLANG_WARN_UNREACHABLE_CODE = YES;
				CLANG_WARN__DUPLICATE_METHOD_MATCH = YES;
				"CODE_SIGN_IDENTITY[sdk=iphoneos*]" = "iPhone Developer";
				COPY_PHASE_STRIP = NO;
				DEBUG_INFORMATION_FORMAT = dwarf;
				ENABLE_STRICT_OBJC_MSGSEND = YES;
				ENABLE_TESTABILITY = YES;
				GCC_C_LANGUAGE_STANDARD = gnu99;
				GCC_DYNAMIC_NO_PIC = NO;
				GCC_NO_COMMON_BLOCKS = YES;
				GCC_OPTIMIZATION_LEVEL = 0;
				GCC_PREPROCESSOR_DEFINITIONS = (
					"DEBUG=1",
					"$(inherited)",
				);
				GCC_WARN_64_TO_32_BIT_CONVERSION = YES;
				GCC_WARN_ABOUT_RETURN_TYPE = YES_ERROR;
				GCC_WARN_UNDECLARED_SELECTOR = YES;
				GCC_WARN_UNINITIALIZED_AUTOS = YES_AGGRESSIVE;
				GCC_WARN_UNUSED_FUNCTION = YES;
				GCC_WARN_UNUSED_VARIABLE = YES;
				IPHONEOS_DEPLOYMENT_TARGET = 10.1;
				MTL_ENABLE_DEBUG_INFO = YES;
				ONLY_ACTIVE_ARCH = YES;
				SDKROOT = iphoneos;
				SWIFT_ACTIVE_COMPILATION_CONDITIONS = DEBUG;
				SWIFT_OPTIMIZATION_LEVEL = "-Onone";
				TARGETED_DEVICE_FAMILY = "1,2";
			};
			name = Debug;
		};
		FAB0AC581DD2409D00824E47 /* Release */ = {
			isa = XCBuildConfiguration;
			buildSettings = {
				ALWAYS_SEARCH_USER_PATHS = NO;
				CLANG_ANALYZER_NONNULL = YES;
				CLANG_CXX_LANGUAGE_STANDARD = "gnu++0x";
				CLANG_CXX_LIBRARY = "libc++";
				CLANG_ENABLE_MODULES = YES;
				CLANG_ENABLE_OBJC_ARC = YES;
				CLANG_WARN_BOOL_CONVERSION = YES;
				CLANG_WARN_CONSTANT_CONVERSION = YES;
				CLANG_WARN_DIRECT_OBJC_ISA_USAGE = YES_ERROR;
				CLANG_WARN_DOCUMENTATION_COMMENTS = YES;
				CLANG_WARN_EMPTY_BODY = YES;
				CLANG_WARN_ENUM_CONVERSION = YES;
				CLANG_WARN_INFINITE_RECURSION = YES;
				CLANG_WARN_INT_CONVERSION = YES;
				CLANG_WARN_OBJC_ROOT_CLASS = YES_ERROR;
				CLANG_WARN_SUSPICIOUS_MOVES = YES;
				CLANG_WARN_UNREACHABLE_CODE = YES;
				CLANG_WARN__DUPLICATE_METHOD_MATCH = YES;
				"CODE_SIGN_IDENTITY[sdk=iphoneos*]" = "iPhone Developer";
				COPY_PHASE_STRIP = NO;
				DEBUG_INFORMATION_FORMAT = "dwarf-with-dsym";
				ENABLE_NS_ASSERTIONS = NO;
				ENABLE_STRICT_OBJC_MSGSEND = YES;
				GCC_C_LANGUAGE_STANDARD = gnu99;
				GCC_NO_COMMON_BLOCKS = YES;
				GCC_WARN_64_TO_32_BIT_CONVERSION = YES;
				GCC_WARN_ABOUT_RETURN_TYPE = YES_ERROR;
				GCC_WARN_UNDECLARED_SELECTOR = YES;
				GCC_WARN_UNINITIALIZED_AUTOS = YES_AGGRESSIVE;
				GCC_WARN_UNUSED_FUNCTION = YES;
				GCC_WARN_UNUSED_VARIABLE = YES;
				IPHONEOS_DEPLOYMENT_TARGET = 10.1;
				MTL_ENABLE_DEBUG_INFO = NO;
				SDKROOT = iphoneos;
				SWIFT_OPTIMIZATION_LEVEL = "-Owholemodule";
				TARGETED_DEVICE_FAMILY = "1,2";
				VALIDATE_PRODUCT = YES;
			};
			name = Release;
		};
		FAB0AC5A1DD2409D00824E47 /* Debug */ = {
			isa = XCBuildConfiguration;
			buildSettings = {
				ALWAYS_EMBED_SWIFT_STANDARD_LIBRARIES = YES;
				ASSETCATALOG_COMPILER_APPICON_NAME = AppIcon;
				"CODE_SIGN_IDENTITY[sdk=iphoneos*]" = "iPhone Developer";
				DEVELOPMENT_TEAM = RBNKHS73S3;
				EMBED_ASSET_PACKS_IN_PRODUCT_BUNDLE = YES;
				INFOPLIST_FILE = PlaybackTest/Info.plist;
				LD_RUNPATH_SEARCH_PATHS = "$(inherited) @executable_path/Frameworks";
				PRODUCT_BUNDLE_IDENTIFIER = com.avs.PlaybackTest;
				PRODUCT_NAME = "$(TARGET_NAME)";
				SWIFT_VERSION = 3.0;
			};
			name = Debug;
		};
		FAB0AC5B1DD2409D00824E47 /* Release */ = {
			isa = XCBuildConfiguration;
			buildSettings = {
				ALWAYS_EMBED_SWIFT_STANDARD_LIBRARIES = YES;
				ASSETCATALOG_COMPILER_APPICON_NAME = AppIcon;
				"CODE_SIGN_IDENTITY[sdk=iphoneos*]" = "iPhone Developer";
				DEVELOPMENT_TEAM = RBNKHS73S3;
				EMBED_ASSET_PACKS_IN_PRODUCT_BUNDLE = YES;
				INFOPLIST_FILE = PlaybackTest/Info.plist;
				LD_RUNPATH_SEARCH_PATHS = "$(inherited) @executable_path/Frameworks";
				PRODUCT_BUNDLE_IDENTIFIER = com.avs.PlaybackTest;
				PRODUCT_NAME = "$(TARGET_NAME)";
				SWIFT_VERSION = 3.0;
			};
			name = Release;
		};
/* End XCBuildConfiguration section */

/* Begin XCConfigurationList section */
		FAB0AC421DD2409C00824E47 /* Build configuration list for PBXProject "MetronomeIdeaOnAVAudioEngine" */ = {
			isa = XCConfigurationList;
			buildConfigurations = (
				FAB0AC571DD2409D00824E47 /* Debug */,
				FAB0AC581DD2409D00824E47 /* Release */,
			);
			defaultConfigurationIsVisible = 0;
			defaultConfigurationName = Release;
		};
		FAB0AC591DD2409D00824E47 /* Build configuration list for PBXNativeTarget "MetronomeIdeaOnAVAudioEngine" */ = {
			isa = XCConfigurationList;
			buildConfigurations = (
				FAB0AC5A1DD2409D00824E47 /* Debug */,
				FAB0AC5B1DD2409D00824E47 /* Release */,
			);
			defaultConfigurationIsVisible = 0;
			defaultConfigurationName = Release;
		};
/* End XCConfigurationList section */
	};
	rootObject = FAB0AC3F1DD2409C00824E47 /* Project object */;
}
